
Microsoft Visual Studio Solution File, Format Version 12.00
# Visual Studio Version 17
VisualStudioVersion = 17.5.33424.131
MinimumVisualStudioVersion = 10.0.40219.1
Project("{FAE04EC0-301F-11D3-BF4B-00C04F79EFBC}") = "로그인화면", "로그인화면.csproj", "{5193AF24-6D47-404E-B5F0-5326D57C7450}"
EndProject
Global
	GlobalSection(SolutionConfigurationPlatforms) = preSolution
		Debug|Any CPU = Debug|Any CPU
		Release|Any CPU = Release|Any CPU
	EndGlobalSection
	GlobalSection(ProjectConfigurationPlatforms) = postSolution
		{5193AF24-6D47-404E-B5F0-5326D57C7450}.Debug|Any CPU.ActiveCfg = Debug|Any CPU
		{5193AF24-6D47-404E-B5F0-5326D57C7450}.Debug|Any CPU.Build.0 = Debug|Any CPU
		{5193AF24-6D47-404E-B5F0-5326D57C7450}.Release|Any CPU.ActiveCfg = Release|Any CPU
		{5193AF24-6D47-404E-B5F0-5326D57C7450}.Release|Any CPU.Build.0 = Release|Any CPU
	EndGlobalSection
	GlobalSection(SolutionProperties) = preSolution
		HideSolutionNode = FALSE
	EndGlobalSection
	GlobalSection(ExtensibilityGlobals) = postSolution
		SolutionGuid = {487FB025-F6A5-4A8D-B2BC-E718DCB6866A}
	EndGlobalSection
EndGlobal
